
Microsoft Visual Studio Solution File, Format Version 12.00
# Visual Studio Version 17
VisualStudioVersion = 17.11.35327.3
MinimumVisualStudioVersion = 10.0.40219.1
Project("{FAE04EC0-301F-11D3-BF4B-00C04F79EFBC}") = "LinqTutorial", "LINQ Tutorial\LinqTutorial.csproj", "{24BC4AC1-EE9B-474D-AC19-BFEAD561C691}"
EndProject
Project("{FAE04EC0-301F-11D3-BF4B-00C04F79EFBC}") = "SelectMany", "SelectMany\SelectMany.csproj", "{931149BD-F356-4F48-8C5C-65B09CC3290E}"
EndProject
Project("{FAE04EC0-301F-11D3-BF4B-00C04F79EFBC}") = "FilterOperators", "FilterOperators\FilterOperators.csproj", "{E0E11430-215A-4901-A770-3DD468569C13}"
EndProject
Project("{FAE04EC0-301F-11D3-BF4B-00C04F79EFBC}") = "SortOrderbyoperator", "SortOrderbyoperator\SortOrderbyoperator.csproj", "{BB5B4916-83E1-47F8-AD4E-F30FFA527F8F}"
EndProject
Project("{FAE04EC0-301F-11D3-BF4B-00C04F79EFBC}") = "ThenBy,Descending", "ThenBy,Descending\ThenBy,Descending.csproj", "{BB1A58EB-D878-4931-927C-DE5E34C47230}"
EndProject
Project("{FAE04EC0-301F-11D3-BF4B-00C04F79EFBC}") = "Reverse", "Reverse\Reverse.csproj", "{4E9266E4-4340-4A83-9721-07C2889B1331}"
EndProject
Project("{FAE04EC0-301F-11D3-BF4B-00C04F79EFBC}") = "AllQuantifier", "AllQuantifier\AllQuantifier.csproj", "{0FCB7038-3A1B-4EAF-B6F0-7FCEA5CA1D54}"
EndProject
Project("{FAE04EC0-301F-11D3-BF4B-00C04F79EFBC}") = "AnyQuantifier", "AnyQuantifier\AnyQuantifier.csproj", "{7378FDFA-6504-4360-887D-88BF23169C3C}"
EndProject
Project("{FAE04EC0-301F-11D3-BF4B-00C04F79EFBC}") = "ContainsQuantifier", "ContainsQuantifier\ContainsQuantifier.csproj", "{FBA80190-00F4-4C08-AC04-F069FE3F2E5F}"
EndProject
Project("{FAE04EC0-301F-11D3-BF4B-00C04F79EFBC}") = "DistinctSet", "DistinctSet\DistinctSet.csproj", "{5C195246-D7AC-4964-93CA-B7C9E11AD7BA}"
EndProject
Project("{FAE04EC0-301F-11D3-BF4B-00C04F79EFBC}") = "DistinctIEqualityComparer", "DistinctIEqualityComparer\DistinctIEqualityComparer.csproj", "{14A37C25-B38B-47E2-BB39-C7E837FCD973}"
EndProject
Project("{FAE04EC0-301F-11D3-BF4B-00C04F79EFBC}") = "ExceptSetOperator", "ExceptSetOperator\ExceptSetOperator.csproj", "{3C1DD905-3F64-4A25-BE97-2505D16E7188}"
EndProject
Project("{FAE04EC0-301F-11D3-BF4B-00C04F79EFBC}") = "IntersectSetOperator", "IntersectSetOperator\IntersectSetOperator.csproj", "{B0405723-BDCB-4760-9D04-F9DBB01C28D8}"
EndProject
Project("{FAE04EC0-301F-11D3-BF4B-00C04F79EFBC}") = "IntersectIEqualityComparer", "IntersectIEqualityComparer\IntersectIEqualityComparer.csproj", "{0C8DE67C-5347-43C5-8F50-E539FC4F65C1}"
EndProject
Global
	GlobalSection(SolutionConfigurationPlatforms) = preSolution
		Debug|Any CPU = Debug|Any CPU
		Release|Any CPU = Release|Any CPU
	EndGlobalSection
	GlobalSection(ProjectConfigurationPlatforms) = postSolution
		{24BC4AC1-EE9B-474D-AC19-BFEAD561C691}.Debug|Any CPU.ActiveCfg = Debug|Any CPU
		{24BC4AC1-EE9B-474D-AC19-BFEAD561C691}.Debug|Any CPU.Build.0 = Debug|Any CPU
		{24BC4AC1-EE9B-474D-AC19-BFEAD561C691}.Release|Any CPU.ActiveCfg = Release|Any CPU
		{24BC4AC1-EE9B-474D-AC19-BFEAD561C691}.Release|Any CPU.Build.0 = Release|Any CPU
		{931149BD-F356-4F48-8C5C-65B09CC3290E}.Debug|Any CPU.ActiveCfg = Debug|Any CPU
		{931149BD-F356-4F48-8C5C-65B09CC3290E}.Debug|Any CPU.Build.0 = Debug|Any CPU
		{931149BD-F356-4F48-8C5C-65B09CC3290E}.Release|Any CPU.ActiveCfg = Release|Any CPU
		{931149BD-F356-4F48-8C5C-65B09CC3290E}.Release|Any CPU.Build.0 = Release|Any CPU
		{E0E11430-215A-4901-A770-3DD468569C13}.Debug|Any CPU.ActiveCfg = Debug|Any CPU
		{E0E11430-215A-4901-A770-3DD468569C13}.Debug|Any CPU.Build.0 = Debug|Any CPU
		{E0E11430-215A-4901-A770-3DD468569C13}.Release|Any CPU.ActiveCfg = Release|Any CPU
		{E0E11430-215A-4901-A770-3DD468569C13}.Release|Any CPU.Build.0 = Release|Any CPU
		{BB5B4916-83E1-47F8-AD4E-F30FFA527F8F}.Debug|Any CPU.ActiveCfg = Debug|Any CPU
		{BB5B4916-83E1-47F8-AD4E-F30FFA527F8F}.Debug|Any CPU.Build.0 = Debug|Any CPU
		{BB5B4916-83E1-47F8-AD4E-F30FFA527F8F}.Release|Any CPU.ActiveCfg = Release|Any CPU
		{BB5B4916-83E1-47F8-AD4E-F30FFA527F8F}.Release|Any CPU.Build.0 = Release|Any CPU
		{BB1A58EB-D878-4931-927C-DE5E34C47230}.Debug|Any CPU.ActiveCfg = Debug|Any CPU
		{BB1A58EB-D878-4931-927C-DE5E34C47230}.Debug|Any CPU.Build.0 = Debug|Any CPU
		{BB1A58EB-D878-4931-927C-DE5E34C47230}.Release|Any CPU.ActiveCfg = Release|Any CPU
		{BB1A58EB-D878-4931-927C-DE5E34C47230}.Release|Any CPU.Build.0 = Release|Any CPU
		{4E9266E4-4340-4A83-9721-07C2889B1331}.Debug|Any CPU.ActiveCfg = Debug|Any CPU
		{4E9266E4-4340-4A83-9721-07C2889B1331}.Debug|Any CPU.Build.0 = Debug|Any CPU
		{4E9266E4-4340-4A83-9721-07C2889B1331}.Release|Any CPU.ActiveCfg = Release|Any CPU
		{4E9266E4-4340-4A83-9721-07C2889B1331}.Release|Any CPU.Build.0 = Release|Any CPU
		{0FCB7038-3A1B-4EAF-B6F0-7FCEA5CA1D54}.Debug|Any CPU.ActiveCfg = Debug|Any CPU
		{0FCB7038-3A1B-4EAF-B6F0-7FCEA5CA1D54}.Debug|Any CPU.Build.0 = Debug|Any CPU
		{0FCB7038-3A1B-4EAF-B6F0-7FCEA5CA1D54}.Release|Any CPU.ActiveCfg = Release|Any CPU
		{0FCB7038-3A1B-4EAF-B6F0-7FCEA5CA1D54}.Release|Any CPU.Build.0 = Release|Any CPU
		{7378FDFA-6504-4360-887D-88BF23169C3C}.Debug|Any CPU.ActiveCfg = Debug|Any CPU
		{7378FDFA-6504-4360-887D-88BF23169C3C}.Debug|Any CPU.Build.0 = Debug|Any CPU
		{7378FDFA-6504-4360-887D-88BF23169C3C}.Release|Any CPU.ActiveCfg = Release|Any CPU
		{7378FDFA-6504-4360-887D-88BF23169C3C}.Release|Any CPU.Build.0 = Release|Any CPU
		{FBA80190-00F4-4C08-AC04-F069FE3F2E5F}.Debug|Any CPU.ActiveCfg = Debug|Any CPU
		{FBA80190-00F4-4C08-AC04-F069FE3F2E5F}.Debug|Any CPU.Build.0 = Debug|Any CPU
		{FBA80190-00F4-4C08-AC04-F069FE3F2E5F}.Release|Any CPU.ActiveCfg = Release|Any CPU
		{FBA80190-00F4-4C08-AC04-F069FE3F2E5F}.Release|Any CPU.Build.0 = Release|Any CPU
		{5C195246-D7AC-4964-93CA-B7C9E11AD7BA}.Debug|Any CPU.ActiveCfg = Debug|Any CPU
		{5C195246-D7AC-4964-93CA-B7C9E11AD7BA}.Debug|Any CPU.Build.0 = Debug|Any CPU
		{5C195246-D7AC-4964-93CA-B7C9E11AD7BA}.Release|Any CPU.ActiveCfg = Release|Any CPU
		{5C195246-D7AC-4964-93CA-B7C9E11AD7BA}.Release|Any CPU.Build.0 = Release|Any CPU
		{14A37C25-B38B-47E2-BB39-C7E837FCD973}.Debug|Any CPU.ActiveCfg = Debug|Any CPU
		{14A37C25-B38B-47E2-BB39-C7E837FCD973}.Debug|Any CPU.Build.0 = Debug|Any CPU
		{14A37C25-B38B-47E2-BB39-C7E837FCD973}.Release|Any CPU.ActiveCfg = Release|Any CPU
		{14A37C25-B38B-47E2-BB39-C7E837FCD973}.Release|Any CPU.Build.0 = Release|Any CPU
		{3C1DD905-3F64-4A25-BE97-2505D16E7188}.Debug|Any CPU.ActiveCfg = Debug|Any CPU
		{3C1DD905-3F64-4A25-BE97-2505D16E7188}.Debug|Any CPU.Build.0 = Debug|Any CPU
		{3C1DD905-3F64-4A25-BE97-2505D16E7188}.Release|Any CPU.ActiveCfg = Release|Any CPU
		{3C1DD905-3F64-4A25-BE97-2505D16E7188}.Release|Any CPU.Build.0 = Release|Any CPU
		{B0405723-BDCB-4760-9D04-F9DBB01C28D8}.Debug|Any CPU.ActiveCfg = Debug|Any CPU
		{B0405723-BDCB-4760-9D04-F9DBB01C28D8}.Debug|Any CPU.Build.0 = Debug|Any CPU
		{B0405723-BDCB-4760-9D04-F9DBB01C28D8}.Release|Any CPU.ActiveCfg = Release|Any CPU
		{B0405723-BDCB-4760-9D04-F9DBB01C28D8}.Release|Any CPU.Build.0 = Release|Any CPU
		{0C8DE67C-5347-43C5-8F50-E539FC4F65C1}.Debug|Any CPU.ActiveCfg = Debug|Any CPU
		{0C8DE67C-5347-43C5-8F50-E539FC4F65C1}.Debug|Any CPU.Build.0 = Debug|Any CPU
		{0C8DE67C-5347-43C5-8F50-E539FC4F65C1}.Release|Any CPU.ActiveCfg = Release|Any CPU
		{0C8DE67C-5347-43C5-8F50-E539FC4F65C1}.Release|Any CPU.Build.0 = Release|Any CPU
	EndGlobalSection
	GlobalSection(SolutionProperties) = preSolution
		HideSolutionNode = FALSE
	EndGlobalSection
	GlobalSection(ExtensibilityGlobals) = postSolution
		SolutionGuid = {6CE4447D-AF60-443E-90AA-40FEA9947B0E}
	EndGlobalSection
EndGlobal
